
Microsoft Visual Studio Solution File, Format Version 12.00
# Visual Studio 14
VisualStudioVersion = 14.0.25420.1
MinimumVisualStudioVersion = 10.0.40219.1
Project("{FAE04EC0-301F-11D3-BF4B-00C04F79EFBC}") = "BE", "BE\BE.csproj", "{AE07B57F-EDDE-41D4-BA35-D143F6276AC7}"
EndProject
Project("{FAE04EC0-301F-11D3-BF4B-00C04F79EFBC}") = "DAL", "DAL\DAL.csproj", "{6987AD52-3F4D-46E6-B195-E439CC62C2BF}"
EndProject
Project("{FAE04EC0-301F-11D3-BF4B-00C04F79EFBC}") = "DS", "DS\DS.csproj", "{B024B3A2-5669-482B-BFC2-F73646094746}"
EndProject
Global
	GlobalSection(SolutionConfigurationPlatforms) = preSolution
		Debug|Any CPU = Debug|Any CPU
		Release|Any CPU = Release|Any CPU
	EndGlobalSection
	GlobalSection(ProjectConfigurationPlatforms) = postSolution
		{AE07B57F-EDDE-41D4-BA35-D143F6276AC7}.Debug|Any CPU.ActiveCfg = Debug|Any CPU
		{AE07B57F-EDDE-41D4-BA35-D143F6276AC7}.Debug|Any CPU.Build.0 = Debug|Any CPU
		{AE07B57F-EDDE-41D4-BA35-D143F6276AC7}.Release|Any CPU.ActiveCfg = Release|Any CPU
		{AE07B57F-EDDE-41D4-BA35-D143F6276AC7}.Release|Any CPU.Build.0 = Release|Any CPU
		{6987AD52-3F4D-46E6-B195-E439CC62C2BF}.Debug|Any CPU.ActiveCfg = Debug|Any CPU
		{6987AD52-3F4D-46E6-B195-E439CC62C2BF}.Debug|Any CPU.Build.0 = Debug|Any CPU
		{6987AD52-3F4D-46E6-B195-E439CC62C2BF}.Release|Any CPU.ActiveCfg = Release|Any CPU
		{6987AD52-3F4D-46E6-B195-E439CC62C2BF}.Release|Any CPU.Build.0 = Release|Any CPU
		{B024B3A2-5669-482B-BFC2-F73646094746}.Debug|Any CPU.ActiveCfg = Debug|Any CPU
		{B024B3A2-5669-482B-BFC2-F73646094746}.Debug|Any CPU.Build.0 = Debug|Any CPU
		{B024B3A2-5669-482B-BFC2-F73646094746}.Release|Any CPU.ActiveCfg = Release|Any CPU
		{B024B3A2-5669-482B-BFC2-F73646094746}.Release|Any CPU.Build.0 = Release|Any CPU
	EndGlobalSection
	GlobalSection(SolutionProperties) = preSolution
		HideSolutionNode = FALSE
	EndGlobalSection
EndGlobal
